
Microsoft Visual Studio Solution File, Format Version 12.00
# Visual Studio 15
VisualStudioVersion = 15.0.28307.421
MinimumVisualStudioVersion = 10.0.40219.1
Project("{CC5FD16D-436D-48AD-A40C-5A424C6E3E79}") = "DataServiceV0", "Data-Service-V0\DataServiceV0.ccproj", "{00C308B1-0034-4316-B6F2-424F61702A00}"
EndProject
Project("{FAE04EC0-301F-11D3-BF4B-00C04F79EFBC}") = "DataServiceWebRole", "Data-Service-Web-Role\DataServiceWebRole.csproj", "{1FC8C88D-1B39-4D1B-83E9-C115C9B39D67}"
EndProject
Project("{FAE04EC0-301F-11D3-BF4B-00C04F79EFBC}") = "SwaggerDataService", "SwaggerDataService\SwaggerDataService.csproj", "{C8183AB1-A566-4325-AF34-2BCFE4EB8AE4}"
EndProject
Project("{FAE04EC0-301F-11D3-BF4B-00C04F79EFBC}") = "ItemModelDataServiceRep", "ItemModelDataServiceRep\ItemModelDataServiceRep.csproj", "{1DFD76A2-2503-47B7-95C5-1BE2316751F6}"
EndProject
Global
	GlobalSection(SolutionConfigurationPlatforms) = preSolution
		Debug|Any CPU = Debug|Any CPU
		Release|Any CPU = Release|Any CPU
	EndGlobalSection
	GlobalSection(ProjectConfigurationPlatforms) = postSolution
		{00C308B1-0034-4316-B6F2-424F61702A00}.Debug|Any CPU.ActiveCfg = Debug|Any CPU
		{00C308B1-0034-4316-B6F2-424F61702A00}.Debug|Any CPU.Build.0 = Debug|Any CPU
		{00C308B1-0034-4316-B6F2-424F61702A00}.Release|Any CPU.ActiveCfg = Release|Any CPU
		{00C308B1-0034-4316-B6F2-424F61702A00}.Release|Any CPU.Build.0 = Release|Any CPU
		{1FC8C88D-1B39-4D1B-83E9-C115C9B39D67}.Debug|Any CPU.ActiveCfg = Debug|Any CPU
		{1FC8C88D-1B39-4D1B-83E9-C115C9B39D67}.Debug|Any CPU.Build.0 = Debug|Any CPU
		{1FC8C88D-1B39-4D1B-83E9-C115C9B39D67}.Release|Any CPU.ActiveCfg = Release|Any CPU
		{1FC8C88D-1B39-4D1B-83E9-C115C9B39D67}.Release|Any CPU.Build.0 = Release|Any CPU
		{C8183AB1-A566-4325-AF34-2BCFE4EB8AE4}.Debug|Any CPU.ActiveCfg = Debug|Any CPU
		{C8183AB1-A566-4325-AF34-2BCFE4EB8AE4}.Debug|Any CPU.Build.0 = Debug|Any CPU
		{C8183AB1-A566-4325-AF34-2BCFE4EB8AE4}.Release|Any CPU.ActiveCfg = Release|Any CPU
		{C8183AB1-A566-4325-AF34-2BCFE4EB8AE4}.Release|Any CPU.Build.0 = Release|Any CPU
		{1DFD76A2-2503-47B7-95C5-1BE2316751F6}.Debug|Any CPU.ActiveCfg = Debug|Any CPU
		{1DFD76A2-2503-47B7-95C5-1BE2316751F6}.Debug|Any CPU.Build.0 = Debug|Any CPU
		{1DFD76A2-2503-47B7-95C5-1BE2316751F6}.Release|Any CPU.ActiveCfg = Release|Any CPU
		{1DFD76A2-2503-47B7-95C5-1BE2316751F6}.Release|Any CPU.Build.0 = Release|Any CPU
	EndGlobalSection
	GlobalSection(SolutionProperties) = preSolution
		HideSolutionNode = FALSE
	EndGlobalSection
	GlobalSection(ExtensibilityGlobals) = postSolution
		SolutionGuid = {45AA5EB5-59E6-429A-8895-B664DFA61A94}
	EndGlobalSection
EndGlobal
